
Microsoft Visual Studio Solution File, Format Version 12.00
# Visual Studio Version 17
VisualStudioVersion = 17.12.35527.113
MinimumVisualStudioVersion = 10.0.40219.1
Project("{FAE04EC0-301F-11D3-BF4B-00C04F79EFBC}") = "NeilSeniorBirdWalks", "NeilSeniorBirdWalks\NeilSeniorBirdWalks.csproj", "{BAB88C7A-CA91-4FE9-826F-EAE5E35ABD57}"
	ProjectSection(ProjectDependencies) = postProject
		{C886B73B-99D6-463C-963F-45A65CAF68A5} = {C886B73B-99D6-463C-963F-45A65CAF68A5}
	EndProjectSection
EndProject
Project("{FAE04EC0-301F-11D3-BF4B-00C04F79EFBC}") = "BlobStorageLibrary", "BlobStorageLibrary\BlobStorageLibrary.csproj", "{C886B73B-99D6-463C-963F-45A65CAF68A5}"
EndProject
Global
	GlobalSection(SolutionConfigurationPlatforms) = preSolution
		Debug|Any CPU = Debug|Any CPU
		Release|Any CPU = Release|Any CPU
	EndGlobalSection
	GlobalSection(ProjectConfigurationPlatforms) = postSolution
		{BAB88C7A-CA91-4FE9-826F-EAE5E35ABD57}.Debug|Any CPU.ActiveCfg = Debug|Any CPU
		{BAB88C7A-CA91-4FE9-826F-EAE5E35ABD57}.Debug|Any CPU.Build.0 = Debug|Any CPU
		{BAB88C7A-CA91-4FE9-826F-EAE5E35ABD57}.Release|Any CPU.ActiveCfg = Release|Any CPU
		{BAB88C7A-CA91-4FE9-826F-EAE5E35ABD57}.Release|Any CPU.Build.0 = Release|Any CPU
		{C886B73B-99D6-463C-963F-45A65CAF68A5}.Debug|Any CPU.ActiveCfg = Debug|Any CPU
		{C886B73B-99D6-463C-963F-45A65CAF68A5}.Debug|Any CPU.Build.0 = Debug|Any CPU
		{C886B73B-99D6-463C-963F-45A65CAF68A5}.Release|Any CPU.ActiveCfg = Release|Any CPU
		{C886B73B-99D6-463C-963F-45A65CAF68A5}.Release|Any CPU.Build.0 = Release|Any CPU
	EndGlobalSection
	GlobalSection(SolutionProperties) = preSolution
		HideSolutionNode = FALSE
	EndGlobalSection
EndGlobal
